
Microsoft Visual Studio Solution File, Format Version 12.00
# Visual Studio 15
VisualStudioVersion = 15.0.28010.2048
MinimumVisualStudioVersion = 10.0.40219.1
Project("{FAE04EC0-301F-11D3-BF4B-00C04F79EFBC}") = "ReactDashboardAPI", "ReactDashboardAPI\ReactDashboardAPI.csproj", "{FEE8690D-0BD8-489C-A348-9CF63FE77B5D}"
EndProject
Global
	GlobalSection(SolutionConfigurationPlatforms) = preSolution
		Debug|Any CPU = Debug|Any CPU
		Release|Any CPU = Release|Any CPU
	EndGlobalSection
	GlobalSection(ProjectConfigurationPlatforms) = postSolution
		{FEE8690D-0BD8-489C-A348-9CF63FE77B5D}.Debug|Any CPU.ActiveCfg = Debug|Any CPU
		{FEE8690D-0BD8-489C-A348-9CF63FE77B5D}.Debug|Any CPU.Build.0 = Debug|Any CPU
		{FEE8690D-0BD8-489C-A348-9CF63FE77B5D}.Release|Any CPU.ActiveCfg = Release|Any CPU
		{FEE8690D-0BD8-489C-A348-9CF63FE77B5D}.Release|Any CPU.Build.0 = Release|Any CPU
	EndGlobalSection
	GlobalSection(SolutionProperties) = preSolution
		HideSolutionNode = FALSE
	EndGlobalSection
	GlobalSection(ExtensibilityGlobals) = postSolution
		SolutionGuid = {CB95B5D4-4F9F-491C-AEF1-B4A0BBEC32A4}
	EndGlobalSection
EndGlobal
